
Microsoft Visual Studio Solution File, Format Version 12.00
# Visual Studio 2012
Project("{FAE04EC0-301F-11D3-BF4B-00C04F79EFBC}") = "TestCIJenkins", "TestCIJenkins\TestCIJenkins.csproj", "{D9A83C26-F253-47D9-B674-D67F71C39AFC}"
EndProject
Project("{2150E333-8FDC-42A3-9474-1A3956D46DE8}") = ".nuget", ".nuget", "{977E203C-61DB-45D2-91B5-0C4330770996}"
	ProjectSection(SolutionItems) = preProject
		.nuget\packages.config = .nuget\packages.config
	EndProjectSection
EndProject
Project("{FAE04EC0-301F-11D3-BF4B-00C04F79EFBC}") = "UnitTestProject1", "UnitTestProject1\UnitTestProject1.csproj", "{64D0C3E0-FA20-4D44-BDD6-03E4042F55E6}"
EndProject
Global
	GlobalSection(SolutionConfigurationPlatforms) = preSolution
		Debug|Any CPU = Debug|Any CPU
		Release|Any CPU = Release|Any CPU
	EndGlobalSection
	GlobalSection(ProjectConfigurationPlatforms) = postSolution
		{D9A83C26-F253-47D9-B674-D67F71C39AFC}.Debug|Any CPU.ActiveCfg = Debug|Any CPU
		{D9A83C26-F253-47D9-B674-D67F71C39AFC}.Debug|Any CPU.Build.0 = Debug|Any CPU
		{D9A83C26-F253-47D9-B674-D67F71C39AFC}.Release|Any CPU.ActiveCfg = Release|Any CPU
		{D9A83C26-F253-47D9-B674-D67F71C39AFC}.Release|Any CPU.Build.0 = Release|Any CPU
		{64D0C3E0-FA20-4D44-BDD6-03E4042F55E6}.Debug|Any CPU.ActiveCfg = Debug|Any CPU
		{64D0C3E0-FA20-4D44-BDD6-03E4042F55E6}.Debug|Any CPU.Build.0 = Debug|Any CPU
		{64D0C3E0-FA20-4D44-BDD6-03E4042F55E6}.Release|Any CPU.ActiveCfg = Release|Any CPU
		{64D0C3E0-FA20-4D44-BDD6-03E4042F55E6}.Release|Any CPU.Build.0 = Release|Any CPU
	EndGlobalSection
	GlobalSection(SolutionProperties) = preSolution
		HideSolutionNode = FALSE
	EndGlobalSection
EndGlobal
